
Microsoft Visual Studio Solution File, Format Version 12.00
# Visual Studio Version 17
VisualStudioVersion = 17.4.33122.133
MinimumVisualStudioVersion = 10.0.40219.1
Project("{FAE04EC0-301F-11D3-BF4B-00C04F79EFBC}") = "Week6Activity3", "Week6Activity3\Week6Activity3.csproj", "{E2C8354B-423E-4149-B0BB-C4289386B7A8}"
EndProject
Project("{FAE04EC0-301F-11D3-BF4B-00C04F79EFBC}") = "SurfboardTests", "..\..\Week 12 activity 2\SurfboardTests\SurfboardTests.csproj", "{E0088FF8-5868-4121-A690-FBF9E160E533}"
EndProject
Global
	GlobalSection(SolutionConfigurationPlatforms) = preSolution
		Debug|Any CPU = Debug|Any CPU
		Release|Any CPU = Release|Any CPU
	EndGlobalSection
	GlobalSection(ProjectConfigurationPlatforms) = postSolution
		{E2C8354B-423E-4149-B0BB-C4289386B7A8}.Debug|Any CPU.ActiveCfg = Debug|Any CPU
		{E2C8354B-423E-4149-B0BB-C4289386B7A8}.Debug|Any CPU.Build.0 = Debug|Any CPU
		{E2C8354B-423E-4149-B0BB-C4289386B7A8}.Release|Any CPU.ActiveCfg = Release|Any CPU
		{E2C8354B-423E-4149-B0BB-C4289386B7A8}.Release|Any CPU.Build.0 = Release|Any CPU
		{E0088FF8-5868-4121-A690-FBF9E160E533}.Debug|Any CPU.ActiveCfg = Debug|Any CPU
		{E0088FF8-5868-4121-A690-FBF9E160E533}.Debug|Any CPU.Build.0 = Debug|Any CPU
		{E0088FF8-5868-4121-A690-FBF9E160E533}.Release|Any CPU.ActiveCfg = Release|Any CPU
		{E0088FF8-5868-4121-A690-FBF9E160E533}.Release|Any CPU.Build.0 = Release|Any CPU
	EndGlobalSection
	GlobalSection(SolutionProperties) = preSolution
		HideSolutionNode = FALSE
	EndGlobalSection
	GlobalSection(ExtensibilityGlobals) = postSolution
		SolutionGuid = {F31B9ACC-206E-46B9-9543-DB61B8CEDA5B}
	EndGlobalSection
EndGlobal
